
Microsoft Visual Studio Solution File, Format Version 12.00
# Visual Studio Version 17
VisualStudioVersion = 17.5.002.0
MinimumVisualStudioVersion = 10.0.40219.1
Project("{2150E333-8FDC-42A3-9474-1A3956D46DE8}") = "Labfiles", "Labfiles", "{4F85162C-5B06-4381-841E-EA759D949F48}"
EndProject
Project("{2150E333-8FDC-42A3-9474-1A3956D46DE8}") = "01-analyze-text", "01-analyze-text", "{A260FBBE-C8D9-4765-B23C-BC9E5480E1AB}"
EndProject
Project("{2150E333-8FDC-42A3-9474-1A3956D46DE8}") = "C-Sharp", "C-Sharp", "{E6A0E0D7-4F9C-4089-AE79-2000FDED0A59}"
EndProject
Project("{9A19103F-16F7-4668-BE54-9A1E7A4F7556}") = "text-analysis", "Labfiles\01-analyze-text\C-Sharp\text-analysis\text-analysis.csproj", "{36CB4901-CE7C-4C64-A48B-7661EB3713B9}"
EndProject
Project("{2150E333-8FDC-42A3-9474-1A3956D46DE8}") = "02-qna", "02-qna", "{12422E55-47BC-49EA-8D44-145F1D702CE9}"
EndProject
Project("{2150E333-8FDC-42A3-9474-1A3956D46DE8}") = "C-Sharp", "C-Sharp", "{6617C6CB-4A44-40B2-B4CD-ACA84C7D0657}"
EndProject
Project("{9A19103F-16F7-4668-BE54-9A1E7A4F7556}") = "qna-app", "Labfiles\02-qna\C-Sharp\qna-app\qna-app.csproj", "{0B8A764B-A6D1-4AB7-BE9C-C98B7BA5E58C}"
EndProject
Project("{2150E333-8FDC-42A3-9474-1A3956D46DE8}") = "03-language", "03-language", "{BA252317-C269-4DD2-A73D-B9140A689B76}"
EndProject
Project("{2150E333-8FDC-42A3-9474-1A3956D46DE8}") = "C-Sharp", "C-Sharp", "{4F910E34-A816-4D52-8CA6-511A94BDD70C}"
EndProject
Project("{9A19103F-16F7-4668-BE54-9A1E7A4F7556}") = "clock_client", "Labfiles\03-language\C-Sharp\clock-client\clock_client.csproj", "{1088501D-ED11-4432-AE7A-49C018D2C762}"
EndProject
Project("{2150E333-8FDC-42A3-9474-1A3956D46DE8}") = "04-text-classification", "04-text-classification", "{95384C5A-56C2-42B9-A7D6-041DE5630327}"
EndProject
Project("{2150E333-8FDC-42A3-9474-1A3956D46DE8}") = "C-Sharp", "C-Sharp", "{ED75C664-7F01-438C-A018-0744A02B23AB}"
EndProject
Project("{9A19103F-16F7-4668-BE54-9A1E7A4F7556}") = "classify-text", "Labfiles\04-text-classification\C-Sharp\classify-text\classify-text.csproj", "{24F64D5C-3B7C-4763-BC0E-0597982EEB5C}"
EndProject
Project("{2150E333-8FDC-42A3-9474-1A3956D46DE8}") = "05-custom-entity-recognition", "05-custom-entity-recognition", "{6B5EF01B-3833-43FE-9096-6C78A5E4B4F6}"
EndProject
Project("{2150E333-8FDC-42A3-9474-1A3956D46DE8}") = "C-Sharp", "C-Sharp", "{A51B9B85-AC51-48E6-94B8-1A0D83236734}"
EndProject
Project("{9A19103F-16F7-4668-BE54-9A1E7A4F7556}") = "custom-entities", "Labfiles\05-custom-entity-recognition\C-Sharp\custom-entities\custom-entities.csproj", "{BE4D0A09-A7FA-425D-B99B-3BAE73B6E62E}"
EndProject
Project("{2150E333-8FDC-42A3-9474-1A3956D46DE8}") = "06-translate-text", "06-translate-text", "{22838DC5-18D9-4389-AEFB-451F87DF18C1}"
EndProject
Project("{2150E333-8FDC-42A3-9474-1A3956D46DE8}") = "C-Sharp", "C-Sharp", "{7B049A33-92DB-4E1D-8A05-0440B53469B5}"
EndProject
Project("{9A19103F-16F7-4668-BE54-9A1E7A4F7556}") = "translate_text", "Labfiles\06-translate-text\C-Sharp\text-translation\translate_text.csproj", "{FC62627A-AABE-45C9-BF04-509A3A32F45F}"
EndProject
Project("{2150E333-8FDC-42A3-9474-1A3956D46DE8}") = "06b-translator-sdk", "06b-translator-sdk", "{F1AA18CB-46DF-40ED-B15D-4ECBC1F32B21}"
EndProject
Project("{2150E333-8FDC-42A3-9474-1A3956D46DE8}") = "C-Sharp", "C-Sharp", "{D1190713-36CD-42C6-AA0E-4766CE58634C}"
EndProject
Project("{9A19103F-16F7-4668-BE54-9A1E7A4F7556}") = "translate_text", "Labfiles\06b-translator-sdk\C-Sharp\translate-text\translate_text.csproj", "{1C2784D3-E353-4A7E-9BF5-CA38B8713AFE}"
EndProject
Project("{2150E333-8FDC-42A3-9474-1A3956D46DE8}") = "07-speech", "07-speech", "{CE9E9B0A-0D00-48A1-9431-2001AFACE2E4}"
EndProject
Project("{2150E333-8FDC-42A3-9474-1A3956D46DE8}") = "C-Sharp", "C-Sharp", "{72A97ADB-45DE-443B-B116-3177FFBA67C1}"
EndProject
Project("{9A19103F-16F7-4668-BE54-9A1E7A4F7556}") = "speaking-clock", "Labfiles\07-speech\C-Sharp\speaking-clock\speaking-clock.csproj", "{EDD212B6-88C6-472F-AB28-B191FB75CF37}"
EndProject
Project("{2150E333-8FDC-42A3-9474-1A3956D46DE8}") = "07b-speech", "07b-speech", "{C0E34AFE-3D37-42A9-A79F-245B9828229F}"
EndProject
Project("{2150E333-8FDC-42A3-9474-1A3956D46DE8}") = "C-Sharp", "C-Sharp", "{43EBE123-B886-4D55-BEEC-F01E8016DDA3}"
EndProject
Project("{9A19103F-16F7-4668-BE54-9A1E7A4F7556}") = "speaking-clock", "Labfiles\07b-speech\C-Sharp\speaking-clock\speaking-clock.csproj", "{ED22FC35-6A8C-44EE-AABF-589CABBAEDC1}"
EndProject
Project("{2150E333-8FDC-42A3-9474-1A3956D46DE8}") = "08-speech-translation", "08-speech-translation", "{D4F8C137-0BC9-4305-9D41-8E33F63C864B}"
EndProject
Project("{2150E333-8FDC-42A3-9474-1A3956D46DE8}") = "C-Sharp", "C-Sharp", "{759209EB-1ECF-4833-8FBD-181F0376B3FB}"
EndProject
Project("{9A19103F-16F7-4668-BE54-9A1E7A4F7556}") = "translator", "Labfiles\08-speech-translation\C-Sharp\translator\translator.csproj", "{3D0E0B60-0C57-4283-8BF5-53E8E0CF794B}"
EndProject
Global
	GlobalSection(SolutionConfigurationPlatforms) = preSolution
		Debug|Any CPU = Debug|Any CPU
		Release|Any CPU = Release|Any CPU
	EndGlobalSection
	GlobalSection(ProjectConfigurationPlatforms) = postSolution
		{36CB4901-CE7C-4C64-A48B-7661EB3713B9}.Debug|Any CPU.ActiveCfg = Debug|Any CPU
		{36CB4901-CE7C-4C64-A48B-7661EB3713B9}.Debug|Any CPU.Build.0 = Debug|Any CPU
		{36CB4901-CE7C-4C64-A48B-7661EB3713B9}.Release|Any CPU.ActiveCfg = Release|Any CPU
		{36CB4901-CE7C-4C64-A48B-7661EB3713B9}.Release|Any CPU.Build.0 = Release|Any CPU
		{0B8A764B-A6D1-4AB7-BE9C-C98B7BA5E58C}.Debug|Any CPU.ActiveCfg = Debug|Any CPU
		{0B8A764B-A6D1-4AB7-BE9C-C98B7BA5E58C}.Debug|Any CPU.Build.0 = Debug|Any CPU
		{0B8A764B-A6D1-4AB7-BE9C-C98B7BA5E58C}.Release|Any CPU.ActiveCfg = Release|Any CPU
		{0B8A764B-A6D1-4AB7-BE9C-C98B7BA5E58C}.Release|Any CPU.Build.0 = Release|Any CPU
		{1088501D-ED11-4432-AE7A-49C018D2C762}.Debug|Any CPU.ActiveCfg = Debug|Any CPU
		{1088501D-ED11-4432-AE7A-49C018D2C762}.Debug|Any CPU.Build.0 = Debug|Any CPU
		{1088501D-ED11-4432-AE7A-49C018D2C762}.Release|Any CPU.ActiveCfg = Release|Any CPU
		{1088501D-ED11-4432-AE7A-49C018D2C762}.Release|Any CPU.Build.0 = Release|Any CPU
		{24F64D5C-3B7C-4763-BC0E-0597982EEB5C}.Debug|Any CPU.ActiveCfg = Debug|Any CPU
		{24F64D5C-3B7C-4763-BC0E-0597982EEB5C}.Debug|Any CPU.Build.0 = Debug|Any CPU
		{24F64D5C-3B7C-4763-BC0E-0597982EEB5C}.Release|Any CPU.ActiveCfg = Release|Any CPU
		{24F64D5C-3B7C-4763-BC0E-0597982EEB5C}.Release|Any CPU.Build.0 = Release|Any CPU
		{BE4D0A09-A7FA-425D-B99B-3BAE73B6E62E}.Debug|Any CPU.ActiveCfg = Debug|Any CPU
		{BE4D0A09-A7FA-425D-B99B-3BAE73B6E62E}.Debug|Any CPU.Build.0 = Debug|Any CPU
		{BE4D0A09-A7FA-425D-B99B-3BAE73B6E62E}.Release|Any CPU.ActiveCfg = Release|Any CPU
		{BE4D0A09-A7FA-425D-B99B-3BAE73B6E62E}.Release|Any CPU.Build.0 = Release|Any CPU
		{FC62627A-AABE-45C9-BF04-509A3A32F45F}.Debug|Any CPU.ActiveCfg = Debug|Any CPU
		{FC62627A-AABE-45C9-BF04-509A3A32F45F}.Debug|Any CPU.Build.0 = Debug|Any CPU
		{FC62627A-AABE-45C9-BF04-509A3A32F45F}.Release|Any CPU.ActiveCfg = Release|Any CPU
		{FC62627A-AABE-45C9-BF04-509A3A32F45F}.Release|Any CPU.Build.0 = Release|Any CPU
		{1C2784D3-E353-4A7E-9BF5-CA38B8713AFE}.Debug|Any CPU.ActiveCfg = Debug|Any CPU
		{1C2784D3-E353-4A7E-9BF5-CA38B8713AFE}.Debug|Any CPU.Build.0 = Debug|Any CPU
		{1C2784D3-E353-4A7E-9BF5-CA38B8713AFE}.Release|Any CPU.ActiveCfg = Release|Any CPU
		{1C2784D3-E353-4A7E-9BF5-CA38B8713AFE}.Release|Any CPU.Build.0 = Release|Any CPU
		{EDD212B6-88C6-472F-AB28-B191FB75CF37}.Debug|Any CPU.ActiveCfg = Debug|Any CPU
		{EDD212B6-88C6-472F-AB28-B191FB75CF37}.Debug|Any CPU.Build.0 = Debug|Any CPU
		{EDD212B6-88C6-472F-AB28-B191FB75CF37}.Release|Any CPU.ActiveCfg = Release|Any CPU
		{EDD212B6-88C6-472F-AB28-B191FB75CF37}.Release|Any CPU.Build.0 = Release|Any CPU
		{ED22FC35-6A8C-44EE-AABF-589CABBAEDC1}.Debug|Any CPU.ActiveCfg = Debug|Any CPU
		{ED22FC35-6A8C-44EE-AABF-589CABBAEDC1}.Debug|Any CPU.Build.0 = Debug|Any CPU
		{ED22FC35-6A8C-44EE-AABF-589CABBAEDC1}.Release|Any CPU.ActiveCfg = Release|Any CPU
		{ED22FC35-6A8C-44EE-AABF-589CABBAEDC1}.Release|Any CPU.Build.0 = Release|Any CPU
		{3D0E0B60-0C57-4283-8BF5-53E8E0CF794B}.Debug|Any CPU.ActiveCfg = Debug|Any CPU
		{3D0E0B60-0C57-4283-8BF5-53E8E0CF794B}.Debug|Any CPU.Build.0 = Debug|Any CPU
		{3D0E0B60-0C57-4283-8BF5-53E8E0CF794B}.Release|Any CPU.ActiveCfg = Release|Any CPU
		{3D0E0B60-0C57-4283-8BF5-53E8E0CF794B}.Release|Any CPU.Build.0 = Release|Any CPU
	EndGlobalSection
	GlobalSection(SolutionProperties) = preSolution
		HideSolutionNode = FALSE
	EndGlobalSection
	GlobalSection(NestedProjects) = preSolution
		{A260FBBE-C8D9-4765-B23C-BC9E5480E1AB} = {4F85162C-5B06-4381-841E-EA759D949F48}
		{E6A0E0D7-4F9C-4089-AE79-2000FDED0A59} = {A260FBBE-C8D9-4765-B23C-BC9E5480E1AB}
		{36CB4901-CE7C-4C64-A48B-7661EB3713B9} = {E6A0E0D7-4F9C-4089-AE79-2000FDED0A59}
		{12422E55-47BC-49EA-8D44-145F1D702CE9} = {4F85162C-5B06-4381-841E-EA759D949F48}
		{6617C6CB-4A44-40B2-B4CD-ACA84C7D0657} = {12422E55-47BC-49EA-8D44-145F1D702CE9}
		{0B8A764B-A6D1-4AB7-BE9C-C98B7BA5E58C} = {6617C6CB-4A44-40B2-B4CD-ACA84C7D0657}
		{BA252317-C269-4DD2-A73D-B9140A689B76} = {4F85162C-5B06-4381-841E-EA759D949F48}
		{4F910E34-A816-4D52-8CA6-511A94BDD70C} = {BA252317-C269-4DD2-A73D-B9140A689B76}
		{1088501D-ED11-4432-AE7A-49C018D2C762} = {4F910E34-A816-4D52-8CA6-511A94BDD70C}
		{95384C5A-56C2-42B9-A7D6-041DE5630327} = {4F85162C-5B06-4381-841E-EA759D949F48}
		{ED75C664-7F01-438C-A018-0744A02B23AB} = {95384C5A-56C2-42B9-A7D6-041DE5630327}
		{24F64D5C-3B7C-4763-BC0E-0597982EEB5C} = {ED75C664-7F01-438C-A018-0744A02B23AB}
		{6B5EF01B-3833-43FE-9096-6C78A5E4B4F6} = {4F85162C-5B06-4381-841E-EA759D949F48}
		{A51B9B85-AC51-48E6-94B8-1A0D83236734} = {6B5EF01B-3833-43FE-9096-6C78A5E4B4F6}
		{BE4D0A09-A7FA-425D-B99B-3BAE73B6E62E} = {A51B9B85-AC51-48E6-94B8-1A0D83236734}
		{22838DC5-18D9-4389-AEFB-451F87DF18C1} = {4F85162C-5B06-4381-841E-EA759D949F48}
		{7B049A33-92DB-4E1D-8A05-0440B53469B5} = {22838DC5-18D9-4389-AEFB-451F87DF18C1}
		{FC62627A-AABE-45C9-BF04-509A3A32F45F} = {7B049A33-92DB-4E1D-8A05-0440B53469B5}
		{F1AA18CB-46DF-40ED-B15D-4ECBC1F32B21} = {4F85162C-5B06-4381-841E-EA759D949F48}
		{D1190713-36CD-42C6-AA0E-4766CE58634C} = {F1AA18CB-46DF-40ED-B15D-4ECBC1F32B21}
		{1C2784D3-E353-4A7E-9BF5-CA38B8713AFE} = {D1190713-36CD-42C6-AA0E-4766CE58634C}
		{CE9E9B0A-0D00-48A1-9431-2001AFACE2E4} = {4F85162C-5B06-4381-841E-EA759D949F48}
		{72A97ADB-45DE-443B-B116-3177FFBA67C1} = {CE9E9B0A-0D00-48A1-9431-2001AFACE2E4}
		{EDD212B6-88C6-472F-AB28-B191FB75CF37} = {72A97ADB-45DE-443B-B116-3177FFBA67C1}
		{C0E34AFE-3D37-42A9-A79F-245B9828229F} = {4F85162C-5B06-4381-841E-EA759D949F48}
		{43EBE123-B886-4D55-BEEC-F01E8016DDA3} = {C0E34AFE-3D37-42A9-A79F-245B9828229F}
		{ED22FC35-6A8C-44EE-AABF-589CABBAEDC1} = {43EBE123-B886-4D55-BEEC-F01E8016DDA3}
		{D4F8C137-0BC9-4305-9D41-8E33F63C864B} = {4F85162C-5B06-4381-841E-EA759D949F48}
		{759209EB-1ECF-4833-8FBD-181F0376B3FB} = {D4F8C137-0BC9-4305-9D41-8E33F63C864B}
		{3D0E0B60-0C57-4283-8BF5-53E8E0CF794B} = {759209EB-1ECF-4833-8FBD-181F0376B3FB}
	EndGlobalSection
	GlobalSection(ExtensibilityGlobals) = postSolution
		SolutionGuid = {EC26F5C7-448D-442B-BDB2-0E6A5F36A035}
	EndGlobalSection
EndGlobal
